
Microsoft Visual Studio Solution File, Format Version 12.00
# Visual Studio Version 16
VisualStudioVersion = 16.0.30523.141
MinimumVisualStudioVersion = 10.0.40219.1
Project("{FAE04EC0-301F-11D3-BF4B-00C04F79EFBC}") = "NETCoreApp", "NETCoreApp\NETCoreApp.csproj", "{319FB139-6660-49F5-898B-3F40894F6E02}"
EndProject
Global
	GlobalSection(SolutionConfigurationPlatforms) = preSolution
		Debug|Any CPU = Debug|Any CPU
		Release|Any CPU = Release|Any CPU
	EndGlobalSection
	GlobalSection(ProjectConfigurationPlatforms) = postSolution
		{319FB139-6660-49F5-898B-3F40894F6E02}.Debug|Any CPU.ActiveCfg = Debug|Any CPU
		{319FB139-6660-49F5-898B-3F40894F6E02}.Debug|Any CPU.Build.0 = Debug|Any CPU
		{319FB139-6660-49F5-898B-3F40894F6E02}.Release|Any CPU.ActiveCfg = Release|Any CPU
		{319FB139-6660-49F5-898B-3F40894F6E02}.Release|Any CPU.Build.0 = Release|Any CPU
	EndGlobalSection
	GlobalSection(SolutionProperties) = preSolution
		HideSolutionNode = FALSE
	EndGlobalSection
	GlobalSection(ExtensibilityGlobals) = postSolution
		SolutionGuid = {E1951AA6-BFED-4D79-871C-5F4580D1F890}
	EndGlobalSection
EndGlobal
